
Microsoft Visual Studio Solution File, Format Version 12.00
# Visual Studio Version 17
VisualStudioVersion = 17.1.32210.238
MinimumVisualStudioVersion = 10.0.40219.1
Project("{8BC9CEB8-8B4A-11D0-8D11-00A0C91BC942}") = "1", "1\1.vcxproj", "{12936FA9-5B0E-497E-B07F-B884B7094BED}"
EndProject
Global
	GlobalSection(SolutionConfigurationPlatforms) = preSolution
		Debug|x64 = Debug|x64
		Debug|x86 = Debug|x86
		Release|x64 = Release|x64
		Release|x86 = Release|x86
	EndGlobalSection
	GlobalSection(ProjectConfigurationPlatforms) = postSolution
		{12936FA9-5B0E-497E-B07F-B884B7094BED}.Debug|x64.ActiveCfg = Debug|x64
		{12936FA9-5B0E-497E-B07F-B884B7094BED}.Debug|x64.Build.0 = Debug|x64
		{12936FA9-5B0E-497E-B07F-B884B7094BED}.Debug|x86.ActiveCfg = Debug|Win32
		{12936FA9-5B0E-497E-B07F-B884B7094BED}.Debug|x86.Build.0 = Debug|Win32
		{12936FA9-5B0E-497E-B07F-B884B7094BED}.Release|x64.ActiveCfg = Release|x64
		{12936FA9-5B0E-497E-B07F-B884B7094BED}.Release|x64.Build.0 = Release|x64
		{12936FA9-5B0E-497E-B07F-B884B7094BED}.Release|x86.ActiveCfg = Release|Win32
		{12936FA9-5B0E-497E-B07F-B884B7094BED}.Release|x86.Build.0 = Release|Win32
	EndGlobalSection
	GlobalSection(SolutionProperties) = preSolution
		HideSolutionNode = FALSE
	EndGlobalSection
	GlobalSection(ExtensibilityGlobals) = postSolution
		SolutionGuid = {3968C784-24CB-4139-AB12-8C63D02D42CE}
	EndGlobalSection
EndGlobal
